{
  "name": "pfeil",
  "version": "0.1.1",
  "dependencies": {
    "asap": {
      "version": "1.0.0",
      "from": "https://registry.npmjs.org/asap/-/asap-1.0.0.tgz",
      "resolved": "https://registry.npmjs.org/asap/-/asap-1.0.0.tgz"
    },
    "object-assign": {
      "version": "4.0.1",
      "from": "https://registry.npmjs.org/object-assign/-/object-assign-4.0.1.tgz",
      "resolved": "https://registry.npmjs.org/object-assign/-/object-assign-4.0.1.tgz"
    }
  }
}
